
Microsoft Visual Studio Solution File, Format Version 12.00
# Visual Studio Version 17
VisualStudioVersion = 17.14.37012.4 d17.14
MinimumVisualStudioVersion = 10.0.40219.1
Project("{FAE04EC0-301F-11D3-BF4B-00C04F79EFBC}") = "FaceSearch", "FaceSearch\FaceSearch.csproj", "{586CE454-77CF-4DA5-B1E9-DFF6A525EF17}"
EndProject
Global
	GlobalSection(SolutionConfigurationPlatforms) = preSolution
		Debug|Any CPU = Debug|Any CPU
		Release|Any CPU = Release|Any CPU
	EndGlobalSection
	GlobalSection(ProjectConfigurationPlatforms) = postSolution
		{586CE454-77CF-4DA5-B1E9-DFF6A525EF17}.Debug|Any CPU.ActiveCfg = Debug|Any CPU
		{586CE454-77CF-4DA5-B1E9-DFF6A525EF17}.Debug|Any CPU.Build.0 = Debug|Any CPU
		{586CE454-77CF-4DA5-B1E9-DFF6A525EF17}.Release|Any CPU.ActiveCfg = Release|Any CPU
		{586CE454-77CF-4DA5-B1E9-DFF6A525EF17}.Release|Any CPU.Build.0 = Release|Any CPU
	EndGlobalSection
	GlobalSection(SolutionProperties) = preSolution
		HideSolutionNode = FALSE
	EndGlobalSection
	GlobalSection(ExtensibilityGlobals) = postSolution
		SolutionGuid = {33A647E7-ECED-4999-8A26-ED256169780E}
	EndGlobalSection
EndGlobal
